
Microsoft Visual Studio Solution File, Format Version 12.00
# Visual Studio Version 16
VisualStudioVersion = 16.0.34114.132
MinimumVisualStudioVersion = 10.0.40219.1
Project("{2150E333-8FDC-42A3-9474-1A3956D46DE8}") = "Task0", "Task0", "{BD0F5A8D-B4AB-4279-896E-E6F0992C3A6A}"
EndProject
Project("{FAE04EC0-301F-11D3-BF4B-00C04F79EFBC}") = "Tyuiu.KushnerovIA.Sprint4.Task0.V2", "Tyuiu.KushnerovIA.Sprint4.Task0.V2\Tyuiu.KushnerovIA.Sprint4.Task0.V2.csproj", "{5CEA147F-CC53-4F6D-813E-959E11E87F37}"
EndProject
Project("{FAE04EC0-301F-11D3-BF4B-00C04F79EFBC}") = "Tyuiu.KushnerovIA.Sprint4.Task0.V2.Lib", "Tyuiu.KushnerovIA.Sprint4.Task0.V2.Lib\Tyuiu.KushnerovIA.Sprint4.Task0.V2.Lib.csproj", "{1C61C2A6-8E59-40A7-93FB-BA29C315943D}"
EndProject
Project("{FAE04EC0-301F-11D3-BF4B-00C04F79EFBC}") = "Tyuiu.KushnerovIA.Sprint4.Task0.V2.Test", "Tyuiu.KushnerovIA.Sprint4.Task0.V2.Test\Tyuiu.KushnerovIA.Sprint4.Task0.V2.Test.csproj", "{80DC47A4-9629-4F15-9A36-3C4DA01D0A79}"
EndProject
Project("{2150E333-8FDC-42A3-9474-1A3956D46DE8}") = "Task1", "Task1", "{1B2A8EEA-8901-4965-B5CC-0F3EE3413B08}"
EndProject
Project("{FAE04EC0-301F-11D3-BF4B-00C04F79EFBC}") = "Tyuiu.KushnerovIA.Sprint4.Task1.V9", "Tyuiu.KushnerovIA.Sprint4.Task1.V9\Tyuiu.KushnerovIA.Sprint4.Task1.V9.csproj", "{D52427C9-5897-4760-82FD-5134B44DA9FF}"
EndProject
Project("{FAE04EC0-301F-11D3-BF4B-00C04F79EFBC}") = "Tyuiu.KushnerovIA.Sprint4.Task1.V9.Test", "Tyuiu.KushnerovIA.Sprint4.Task1.V9.Test\Tyuiu.KushnerovIA.Sprint4.Task1.V9.Test.csproj", "{77C1E787-BF96-4616-8AA7-E7B13B904E26}"
EndProject
Project("{FAE04EC0-301F-11D3-BF4B-00C04F79EFBC}") = "Tyuiu.KushnerovIA.Sprint4.Task1.V9.Lib", "Tyuiu.KushnerovIA.Sprint4.Task1.V9.Lib\Tyuiu.KushnerovIA.Sprint4.Task1.V9.Lib.csproj", "{2D5AFFD7-EA39-4895-A7F3-A026F59A7B52}"
EndProject
Project("{2150E333-8FDC-42A3-9474-1A3956D46DE8}") = "Task2", "Task2", "{34473271-22B3-40BE-B0D5-73666EE5FBC6}"
EndProject
Project("{FAE04EC0-301F-11D3-BF4B-00C04F79EFBC}") = "Tyuiu.KushnerovIA.Sprint4.Task2.V16", "Tyuiu.KushnerovIA.Sprint4.Task2.V16\Tyuiu.KushnerovIA.Sprint4.Task2.V16.csproj", "{94F5DC86-7860-4BD8-A55A-DC31CD4286A8}"
EndProject
Project("{FAE04EC0-301F-11D3-BF4B-00C04F79EFBC}") = "Tyuiu.KushnerovIA.Sprint4.Task2.V16.Lib", "Tyuiu.KushnerovIA.Sprint4.Task2.V16.Lib\Tyuiu.KushnerovIA.Sprint4.Task2.V16.Lib.csproj", "{747AA182-46A4-4BD7-9671-0C98566FFF60}"
EndProject
Project("{FAE04EC0-301F-11D3-BF4B-00C04F79EFBC}") = "Tyuiu.KushnerovIA.Sprint4.Task2.V16.Test", "Tyuiu.KushnerovIA.Sprint4.Task2.V16.Test\Tyuiu.KushnerovIA.Sprint4.Task2.V16.Test.csproj", "{35EE8ADA-AFC6-4A92-86FF-78BBFEC6309E}"
EndProject
Project("{2150E333-8FDC-42A3-9474-1A3956D46DE8}") = "Task3", "Task3", "{21C0671F-DBB1-4D47-A2FD-1F423CE90376}"
EndProject
Project("{FAE04EC0-301F-11D3-BF4B-00C04F79EFBC}") = "Tyuiu.KushnerovIA.Sprint4.Task3.V7", "Tyuiu.KushnerovIA.Sprint4.Task3.V7\Tyuiu.KushnerovIA.Sprint4.Task3.V7.csproj", "{197403CE-1BC7-4BB9-89D5-69F5C565AA12}"
EndProject
Project("{FAE04EC0-301F-11D3-BF4B-00C04F79EFBC}") = "Tyuiu.KushnerovIA.Sprint4.Task3.V7.Test", "Tyuiu.KushnerovIA.Sprint4.Task3.V7.Test\Tyuiu.KushnerovIA.Sprint4.Task3.V7.Test.csproj", "{9B3F22D8-B8F4-407E-AB4F-0BFD14A76B05}"
EndProject
Project("{FAE04EC0-301F-11D3-BF4B-00C04F79EFBC}") = "Tyuiu.KushnerovIA.Sprint4.Task3.V7.Lib", "Tyuiu.KushnerovIA.Sprint4.Task3.V7.Lib\Tyuiu.KushnerovIA.Sprint4.Task3.V7.Lib.csproj", "{41B3F1F7-2787-409D-B85A-68091B548560}"
EndProject
Global
	GlobalSection(SolutionConfigurationPlatforms) = preSolution
		Debug|Any CPU = Debug|Any CPU
		Release|Any CPU = Release|Any CPU
	EndGlobalSection
	GlobalSection(ProjectConfigurationPlatforms) = postSolution
		{5CEA147F-CC53-4F6D-813E-959E11E87F37}.Debug|Any CPU.ActiveCfg = Debug|Any CPU
		{5CEA147F-CC53-4F6D-813E-959E11E87F37}.Debug|Any CPU.Build.0 = Debug|Any CPU
		{5CEA147F-CC53-4F6D-813E-959E11E87F37}.Release|Any CPU.ActiveCfg = Release|Any CPU
		{5CEA147F-CC53-4F6D-813E-959E11E87F37}.Release|Any CPU.Build.0 = Release|Any CPU
		{1C61C2A6-8E59-40A7-93FB-BA29C315943D}.Debug|Any CPU.ActiveCfg = Debug|Any CPU
		{1C61C2A6-8E59-40A7-93FB-BA29C315943D}.Debug|Any CPU.Build.0 = Debug|Any CPU
		{1C61C2A6-8E59-40A7-93FB-BA29C315943D}.Release|Any CPU.ActiveCfg = Release|Any CPU
		{1C61C2A6-8E59-40A7-93FB-BA29C315943D}.Release|Any CPU.Build.0 = Release|Any CPU
		{80DC47A4-9629-4F15-9A36-3C4DA01D0A79}.Debug|Any CPU.ActiveCfg = Debug|Any CPU
		{80DC47A4-9629-4F15-9A36-3C4DA01D0A79}.Debug|Any CPU.Build.0 = Debug|Any CPU
		{80DC47A4-9629-4F15-9A36-3C4DA01D0A79}.Release|Any CPU.ActiveCfg = Release|Any CPU
		{80DC47A4-9629-4F15-9A36-3C4DA01D0A79}.Release|Any CPU.Build.0 = Release|Any CPU
		{D52427C9-5897-4760-82FD-5134B44DA9FF}.Debug|Any CPU.ActiveCfg = Debug|Any CPU
		{D52427C9-5897-4760-82FD-5134B44DA9FF}.Debug|Any CPU.Build.0 = Debug|Any CPU
		{D52427C9-5897-4760-82FD-5134B44DA9FF}.Release|Any CPU.ActiveCfg = Release|Any CPU
		{D52427C9-5897-4760-82FD-5134B44DA9FF}.Release|Any CPU.Build.0 = Release|Any CPU
		{77C1E787-BF96-4616-8AA7-E7B13B904E26}.Debug|Any CPU.ActiveCfg = Debug|Any CPU
		{77C1E787-BF96-4616-8AA7-E7B13B904E26}.Debug|Any CPU.Build.0 = Debug|Any CPU
		{77C1E787-BF96-4616-8AA7-E7B13B904E26}.Release|Any CPU.ActiveCfg = Release|Any CPU
		{77C1E787-BF96-4616-8AA7-E7B13B904E26}.Release|Any CPU.Build.0 = Release|Any CPU
		{2D5AFFD7-EA39-4895-A7F3-A026F59A7B52}.Debug|Any CPU.ActiveCfg = Debug|Any CPU
		{2D5AFFD7-EA39-4895-A7F3-A026F59A7B52}.Debug|Any CPU.Build.0 = Debug|Any CPU
		{2D5AFFD7-EA39-4895-A7F3-A026F59A7B52}.Release|Any CPU.ActiveCfg = Release|Any CPU
		{2D5AFFD7-EA39-4895-A7F3-A026F59A7B52}.Release|Any CPU.Build.0 = Release|Any CPU
		{94F5DC86-7860-4BD8-A55A-DC31CD4286A8}.Debug|Any CPU.ActiveCfg = Debug|Any CPU
		{94F5DC86-7860-4BD8-A55A-DC31CD4286A8}.Debug|Any CPU.Build.0 = Debug|Any CPU
		{94F5DC86-7860-4BD8-A55A-DC31CD4286A8}.Release|Any CPU.ActiveCfg = Release|Any CPU
		{94F5DC86-7860-4BD8-A55A-DC31CD4286A8}.Release|Any CPU.Build.0 = Release|Any CPU
		{747AA182-46A4-4BD7-9671-0C98566FFF60}.Debug|Any CPU.ActiveCfg = Debug|Any CPU
		{747AA182-46A4-4BD7-9671-0C98566FFF60}.Debug|Any CPU.Build.0 = Debug|Any CPU
		{747AA182-46A4-4BD7-9671-0C98566FFF60}.Release|Any CPU.ActiveCfg = Release|Any CPU
		{747AA182-46A4-4BD7-9671-0C98566FFF60}.Release|Any CPU.Build.0 = Release|Any CPU
		{35EE8ADA-AFC6-4A92-86FF-78BBFEC6309E}.Debug|Any CPU.ActiveCfg = Debug|Any CPU
		{35EE8ADA-AFC6-4A92-86FF-78BBFEC6309E}.Debug|Any CPU.Build.0 = Debug|Any CPU
		{35EE8ADA-AFC6-4A92-86FF-78BBFEC6309E}.Release|Any CPU.ActiveCfg = Release|Any CPU
		{35EE8ADA-AFC6-4A92-86FF-78BBFEC6309E}.Release|Any CPU.Build.0 = Release|Any CPU
		{197403CE-1BC7-4BB9-89D5-69F5C565AA12}.Debug|Any CPU.ActiveCfg = Debug|Any CPU
		{197403CE-1BC7-4BB9-89D5-69F5C565AA12}.Debug|Any CPU.Build.0 = Debug|Any CPU
		{197403CE-1BC7-4BB9-89D5-69F5C565AA12}.Release|Any CPU.ActiveCfg = Release|Any CPU
		{197403CE-1BC7-4BB9-89D5-69F5C565AA12}.Release|Any CPU.Build.0 = Release|Any CPU
		{9B3F22D8-B8F4-407E-AB4F-0BFD14A76B05}.Debug|Any CPU.ActiveCfg = Debug|Any CPU
		{9B3F22D8-B8F4-407E-AB4F-0BFD14A76B05}.Debug|Any CPU.Build.0 = Debug|Any CPU
		{9B3F22D8-B8F4-407E-AB4F-0BFD14A76B05}.Release|Any CPU.ActiveCfg = Release|Any CPU
		{9B3F22D8-B8F4-407E-AB4F-0BFD14A76B05}.Release|Any CPU.Build.0 = Release|Any CPU
		{41B3F1F7-2787-409D-B85A-68091B548560}.Debug|Any CPU.ActiveCfg = Debug|Any CPU
		{41B3F1F7-2787-409D-B85A-68091B548560}.Debug|Any CPU.Build.0 = Debug|Any CPU
		{41B3F1F7-2787-409D-B85A-68091B548560}.Release|Any CPU.ActiveCfg = Release|Any CPU
		{41B3F1F7-2787-409D-B85A-68091B548560}.Release|Any CPU.Build.0 = Release|Any CPU
	EndGlobalSection
	GlobalSection(SolutionProperties) = preSolution
		HideSolutionNode = FALSE
	EndGlobalSection
	GlobalSection(NestedProjects) = preSolution
		{5CEA147F-CC53-4F6D-813E-959E11E87F37} = {BD0F5A8D-B4AB-4279-896E-E6F0992C3A6A}
		{1C61C2A6-8E59-40A7-93FB-BA29C315943D} = {BD0F5A8D-B4AB-4279-896E-E6F0992C3A6A}
		{80DC47A4-9629-4F15-9A36-3C4DA01D0A79} = {BD0F5A8D-B4AB-4279-896E-E6F0992C3A6A}
		{D52427C9-5897-4760-82FD-5134B44DA9FF} = {1B2A8EEA-8901-4965-B5CC-0F3EE3413B08}
		{77C1E787-BF96-4616-8AA7-E7B13B904E26} = {1B2A8EEA-8901-4965-B5CC-0F3EE3413B08}
		{2D5AFFD7-EA39-4895-A7F3-A026F59A7B52} = {1B2A8EEA-8901-4965-B5CC-0F3EE3413B08}
		{94F5DC86-7860-4BD8-A55A-DC31CD4286A8} = {34473271-22B3-40BE-B0D5-73666EE5FBC6}
		{747AA182-46A4-4BD7-9671-0C98566FFF60} = {34473271-22B3-40BE-B0D5-73666EE5FBC6}
		{35EE8ADA-AFC6-4A92-86FF-78BBFEC6309E} = {34473271-22B3-40BE-B0D5-73666EE5FBC6}
		{197403CE-1BC7-4BB9-89D5-69F5C565AA12} = {21C0671F-DBB1-4D47-A2FD-1F423CE90376}
		{9B3F22D8-B8F4-407E-AB4F-0BFD14A76B05} = {21C0671F-DBB1-4D47-A2FD-1F423CE90376}
		{41B3F1F7-2787-409D-B85A-68091B548560} = {21C0671F-DBB1-4D47-A2FD-1F423CE90376}
	EndGlobalSection
	GlobalSection(ExtensibilityGlobals) = postSolution
		SolutionGuid = {9C91B5EF-71DF-459C-AA4E-1771D10DE29B}
	EndGlobalSection
EndGlobal
